
Microsoft Visual Studio Solution File, Format Version 12.00
# Visual Studio Version 17
VisualStudioVersion = 17.7.34003.232
MinimumVisualStudioVersion = 10.0.40219.1
Project("{FAE04EC0-301F-11D3-BF4B-00C04F79EFBC}") = "VendasWebMVC", "VendasWebMVC\VendasWebMVC.csproj", "{D9A52FFC-2D36-4D54-943B-E810787E7E43}"
EndProject
Global
	GlobalSection(SolutionConfigurationPlatforms) = preSolution
		Debug|Any CPU = Debug|Any CPU
		Release|Any CPU = Release|Any CPU
	EndGlobalSection
	GlobalSection(ProjectConfigurationPlatforms) = postSolution
		{D9A52FFC-2D36-4D54-943B-E810787E7E43}.Debug|Any CPU.ActiveCfg = Debug|Any CPU
		{D9A52FFC-2D36-4D54-943B-E810787E7E43}.Debug|Any CPU.Build.0 = Debug|Any CPU
		{D9A52FFC-2D36-4D54-943B-E810787E7E43}.Release|Any CPU.ActiveCfg = Release|Any CPU
		{D9A52FFC-2D36-4D54-943B-E810787E7E43}.Release|Any CPU.Build.0 = Release|Any CPU
	EndGlobalSection
	GlobalSection(SolutionProperties) = preSolution
		HideSolutionNode = FALSE
	EndGlobalSection
	GlobalSection(ExtensibilityGlobals) = postSolution
		SolutionGuid = {02A6C4A6-DA82-451D-81D1-514B206749C3}
	EndGlobalSection
EndGlobal
